
Microsoft Visual Studio Solution File, Format Version 12.00
# Visual Studio Version 16
VisualStudioVersion = 16.0.29123.88
MinimumVisualStudioVersion = 10.0.40219.1
Project("{9A19103F-16F7-4668-BE54-9A1E7A4F7556}") = "CovidCol", "CovidCol\CovidCol.csproj", "{5BFE40BD-70F1-42F6-92B9-4814D922123F}"
EndProject
Project("{E53339B2-1760-4266-BCC7-CA923CBCF16C}") = "docker-compose", "docker-compose.dcproj", "{36513860-E746-460E-9957-56A4C56DB38B}"
EndProject
Project("{FAE04EC0-301F-11D3-BF4B-00C04F79EFBC}") = "CovidApiGW", "CovidApiGW\CovidApiGW.csproj", "{9A33B350-5A6A-45D6-9EB7-77E65E349D87}"
EndProject
Project("{FAE04EC0-301F-11D3-BF4B-00C04F79EFBC}") = "CovidColData", "CovidColData\CovidColData.csproj", "{3ADB8EF6-D2E1-4243-8DF6-26224EC90B2C}"
EndProject
Global
	GlobalSection(SolutionConfigurationPlatforms) = preSolution
		Debug|Any CPU = Debug|Any CPU
		Release|Any CPU = Release|Any CPU
	EndGlobalSection
	GlobalSection(ProjectConfigurationPlatforms) = postSolution
		{5BFE40BD-70F1-42F6-92B9-4814D922123F}.Debug|Any CPU.ActiveCfg = Debug|Any CPU
		{5BFE40BD-70F1-42F6-92B9-4814D922123F}.Debug|Any CPU.Build.0 = Debug|Any CPU
		{5BFE40BD-70F1-42F6-92B9-4814D922123F}.Release|Any CPU.ActiveCfg = Release|Any CPU
		{5BFE40BD-70F1-42F6-92B9-4814D922123F}.Release|Any CPU.Build.0 = Release|Any CPU
		{36513860-E746-460E-9957-56A4C56DB38B}.Debug|Any CPU.ActiveCfg = Debug|Any CPU
		{36513860-E746-460E-9957-56A4C56DB38B}.Debug|Any CPU.Build.0 = Debug|Any CPU
		{36513860-E746-460E-9957-56A4C56DB38B}.Release|Any CPU.ActiveCfg = Release|Any CPU
		{36513860-E746-460E-9957-56A4C56DB38B}.Release|Any CPU.Build.0 = Release|Any CPU
		{9A33B350-5A6A-45D6-9EB7-77E65E349D87}.Debug|Any CPU.ActiveCfg = Debug|Any CPU
		{9A33B350-5A6A-45D6-9EB7-77E65E349D87}.Debug|Any CPU.Build.0 = Debug|Any CPU
		{9A33B350-5A6A-45D6-9EB7-77E65E349D87}.Release|Any CPU.ActiveCfg = Release|Any CPU
		{9A33B350-5A6A-45D6-9EB7-77E65E349D87}.Release|Any CPU.Build.0 = Release|Any CPU
		{3ADB8EF6-D2E1-4243-8DF6-26224EC90B2C}.Debug|Any CPU.ActiveCfg = Debug|Any CPU
		{3ADB8EF6-D2E1-4243-8DF6-26224EC90B2C}.Debug|Any CPU.Build.0 = Debug|Any CPU
		{3ADB8EF6-D2E1-4243-8DF6-26224EC90B2C}.Release|Any CPU.ActiveCfg = Release|Any CPU
		{3ADB8EF6-D2E1-4243-8DF6-26224EC90B2C}.Release|Any CPU.Build.0 = Release|Any CPU
	EndGlobalSection
	GlobalSection(SolutionProperties) = preSolution
		HideSolutionNode = FALSE
	EndGlobalSection
	GlobalSection(ExtensibilityGlobals) = postSolution
		SolutionGuid = {E2BED861-B0A5-45C3-859F-C4EF4CF7ECBE}
	EndGlobalSection
EndGlobal
